
Microsoft Visual Studio Solution File, Format Version 12.00
# Visual Studio Version 16
VisualStudioVersion = 16.0.31005.135
MinimumVisualStudioVersion = 10.0.40219.1
Project("{FAE04EC0-301F-11D3-BF4B-00C04F79EFBC}") = "ValidSudoku", "ValidSudoku\ValidSudoku.csproj", "{1301FEEE-2AF8-4126-8F76-C11A44B0B702}"
EndProject
Global
	GlobalSection(SolutionConfigurationPlatforms) = preSolution
		Debug|Any CPU = Debug|Any CPU
		Release|Any CPU = Release|Any CPU
	EndGlobalSection
	GlobalSection(ProjectConfigurationPlatforms) = postSolution
		{1301FEEE-2AF8-4126-8F76-C11A44B0B702}.Debug|Any CPU.ActiveCfg = Debug|Any CPU
		{1301FEEE-2AF8-4126-8F76-C11A44B0B702}.Debug|Any CPU.Build.0 = Debug|Any CPU
		{1301FEEE-2AF8-4126-8F76-C11A44B0B702}.Release|Any CPU.ActiveCfg = Release|Any CPU
		{1301FEEE-2AF8-4126-8F76-C11A44B0B702}.Release|Any CPU.Build.0 = Release|Any CPU
	EndGlobalSection
	GlobalSection(SolutionProperties) = preSolution
		HideSolutionNode = FALSE
	EndGlobalSection
	GlobalSection(ExtensibilityGlobals) = postSolution
		SolutionGuid = {B1721C5E-2905-41FD-A001-B33BE4B99405}
	EndGlobalSection
EndGlobal
